
Microsoft Visual Studio Solution File, Format Version 12.00
# Visual Studio Version 16
VisualStudioVersion = 16.0.30517.126
MinimumVisualStudioVersion = 10.0.40219.1
Project("{9A19103F-16F7-4668-BE54-9A1E7A4F7556}") = "Bif3.Swe1.Oop", "Bif3.Swe1.Oop.csproj", "{2E841E8E-90A0-4325-9DB5-7BD19F2811AF}"
EndProject
Project("{9A19103F-16F7-4668-BE54-9A1E7A4F7556}") = "Bif3.Swe1.Testing", "Bif3.Swe1.UnitTest\Bif3.Swe1.Testing.csproj", "{9FB03359-BB22-4EFA-BEC0-7B93EBEA80C7}"
EndProject
Global
	GlobalSection(SolutionConfigurationPlatforms) = preSolution
		Debug|Any CPU = Debug|Any CPU
		Release|Any CPU = Release|Any CPU
	EndGlobalSection
	GlobalSection(ProjectConfigurationPlatforms) = postSolution
		{2E841E8E-90A0-4325-9DB5-7BD19F2811AF}.Debug|Any CPU.ActiveCfg = Debug|Any CPU
		{2E841E8E-90A0-4325-9DB5-7BD19F2811AF}.Debug|Any CPU.Build.0 = Debug|Any CPU
		{2E841E8E-90A0-4325-9DB5-7BD19F2811AF}.Release|Any CPU.ActiveCfg = Release|Any CPU
		{2E841E8E-90A0-4325-9DB5-7BD19F2811AF}.Release|Any CPU.Build.0 = Release|Any CPU
		{9FB03359-BB22-4EFA-BEC0-7B93EBEA80C7}.Debug|Any CPU.ActiveCfg = Debug|Any CPU
		{9FB03359-BB22-4EFA-BEC0-7B93EBEA80C7}.Debug|Any CPU.Build.0 = Debug|Any CPU
		{9FB03359-BB22-4EFA-BEC0-7B93EBEA80C7}.Release|Any CPU.ActiveCfg = Release|Any CPU
		{9FB03359-BB22-4EFA-BEC0-7B93EBEA80C7}.Release|Any CPU.Build.0 = Release|Any CPU
	EndGlobalSection
	GlobalSection(SolutionProperties) = preSolution
		HideSolutionNode = FALSE
	EndGlobalSection
	GlobalSection(ExtensibilityGlobals) = postSolution
		SolutionGuid = {3F775E3B-272E-4B56-92A6-C6116667BB77}
	EndGlobalSection
EndGlobal
